// !$*UTF8*$!
{
	archiveVersion = 1;
	classes = {
	};
	objectVersion = 77;
	objects = {

/* Begin PBXBuildFile section */
		85D2BBA32EB33B0200D8D3A2 /* PatientModelDataEntity+CoreDataProperties.swift in Sources */ = {isa = PBXBuildFile; fileRef = 85D2BBA22EB33B0200D8D3A2 /* PatientModelDataEntity+CoreDataProperties.swift */; };
		85D2BBA42EB33B0200D8D3A2 /* PatientModelDataEntity+CoreDataClass.swift in Sources */ = {isa = PBXBuildFile; fileRef = 85D2BBA12EB33B0200D8D3A2 /* PatientModelDataEntity+CoreDataClass.swift */; };
/* End PBXBuildFile section */

/* Begin PBXContainerItemProxy section */
		85D2CD682EACD6290090EEE0 /* PBXContainerItemProxy */ = {
			isa = PBXContainerItemProxy;
			containerPortal = 85D2CD462EACD61D0090EEE0 /* Project object */;
			proxyType = 1;
			remoteGlobalIDString = 85D2CD4D2EACD61D0090EEE0;
			remoteInfo = PatientManagementSystem;
		};
		85D2CD722EACD6290090EEE0 /* PBXContainerItemProxy */ = {
			isa = PBXContainerItemProxy;
			containerPortal = 85D2CD462EACD61D0090EEE0 /* Project object */;
			proxyType = 1;
			remoteGlobalIDString = 85D2CD4D2EACD61D0090EEE0;
			remoteInfo = PatientManagementSystem;
		};
/* End PBXContainerItemProxy section */

/* Begin PBXFileReference section */
		85D2BBA12EB33B0200D8D3A2 /* PatientModelDataEntity+CoreDataClass.swift */ = {isa = PBXFileReference; lastKnownFileType = sourcecode.swift; path = "PatientModelDataEntity+CoreDataClass.swift"; sourceTree = "<group>"; };
		85D2BBA22EB33B0200D8D3A2 /* PatientModelDataEntity+CoreDataProperties.swift */ = {isa = PBXFileReference; lastKnownFileType = sourcecode.swift; path = "PatientModelDataEntity+CoreDataProperties.swift"; sourceTree = "<group>"; };
		85D2CD4E2EACD61D0090EEE0 /* PatientManagementSystem.app */ = {isa = PBXFileReference; explicitFileType = wrapper.application; includeInIndex = 0; path = PatientManagementSystem.app; sourceTree = BUILT_PRODUCTS_DIR; };
		85D2CD672EACD6290090EEE0 /* PatientManagementSystemTests.xctest */ = {isa = PBXFileReference; explicitFileType = wrapper.cfbundle; includeInIndex = 0; path = PatientManagementSystemTests.xctest; sourceTree = BUILT_PRODUCTS_DIR; };
		85D2CD712EACD6290090EEE0 /* PatientManagementSystemUITests.xctest */ = {isa = PBXFileReference; explicitFileType = wrapper.cfbundle; includeInIndex = 0; path = PatientManagementSystemUITests.xctest; sourceTree = BUILT_PRODUCTS_DIR; };
/* End PBXFileReference section */

/* Begin PBXFileSystemSynchronizedBuildFileExceptionSet section */
		85D2CD792EACD6290090EEE0 /* Exceptions for "PatientManagementSystem" folder in "PatientManagementSystem" target */ = {
			isa = PBXFileSystemSynchronizedBuildFileExceptionSet;
			membershipExceptions = (
				Info.plist,
			);
			target = 85D2CD4D2EACD61D0090EEE0 /* PatientManagementSystem */;
		};
/* End PBXFileSystemSynchronizedBuildFileExceptionSet section */

/* Begin PBXFileSystemSynchronizedRootGroup section */
		85D2CD502EACD61D0090EEE0 /* PatientManagementSystem */ = {
			isa = PBXFileSystemSynchronizedRootGroup;
			exceptions = (
				85D2CD792EACD6290090EEE0 /* Exceptions for "PatientManagementSystem" folder in "PatientManagementSystem" target */,
			);
			path = PatientManagementSystem;
			sourceTree = "<group>";
		};
		85D2CD6A2EACD6290090EEE0 /* PatientManagementSystemTests */ = {
			isa = PBXFileSystemSynchronizedRootGroup;
			path = PatientManagementSystemTests;
			sourceTree = "<group>";
		};
		85D2CD742EACD6290090EEE0 /* PatientManagementSystemUITests */ = {
			isa = PBXFileSystemSynchronizedRootGroup;
			path = PatientManagementSystemUITests;
			sourceTree = "<group>";
		};
/* End PBXFileSystemSynchronizedRootGroup section */

/* Begin PBXFrameworksBuildPhase section */
		85D2CD4B2EACD61D0090EEE0 /* Frameworks */ = {
			isa = PBXFrameworksBuildPhase;
			buildActionMask = 2147483647;
			files = (
			);
			runOnlyForDeploymentPostprocessing = 0;
		};
		85D2CD642EACD6290090EEE0 /* Frameworks */ = {
			isa = PBXFrameworksBuildPhase;
			buildActionMask = 2147483647;
			files = (
			);
			runOnlyForDeploymentPostprocessing = 0;
		};
		85D2CD6E2EACD6290090EEE0 /* Frameworks */ = {
			isa = PBXFrameworksBuildPhase;
			buildActionMask = 2147483647;
			files = (
			);
			runOnlyForDeploymentPostprocessing = 0;
		};
/* End PBXFrameworksBuildPhase section */

/* Begin PBXGroup section */
		85D2CD452EACD61D0090EEE0 = {
			isa = PBXGroup;
			children = (
				85D2BBA12EB33B0200D8D3A2 /* PatientModelDataEntity+CoreDataClass.swift */,
				85D2BBA22EB33B0200D8D3A2 /* PatientModelDataEntity+CoreDataProperties.swift */,
				85D2CD502EACD61D0090EEE0 /* PatientManagementSystem */,
				85D2CD6A2EACD6290090EEE0 /* PatientManagementSystemTests */,
				85D2CD742EACD6290090EEE0 /* PatientManagementSystemUITests */,
				85D2CD4F2EACD61D0090EEE0 /* Products */,
			);
			sourceTree = "<group>";
		};
		85D2CD4F2EACD61D0090EEE0 /* Products */ = {
			isa = PBXGroup;
			children = (
				85D2CD4E2EACD61D0090EEE0 /* PatientManagementSystem.app */,
				85D2CD672EACD6290090EEE0 /* PatientManagementSystemTests.xctest */,
				85D2CD712EACD6290090EEE0 /* PatientManagementSystemUITests.xctest */,
			);
			name = Products;
			sourceTree = "<group>";
		};
/* End PBXGroup section */

/* Begin PBXNativeTarget section */
		85D2CD4D2EACD61D0090EEE0 /* PatientManagementSystem */ = {
			isa = PBXNativeTarget;
			buildConfigurationList = 85D2CD7A2EACD6290090EEE0 /* Build configuration list for PBXNativeTarget "PatientManagementSystem" */;
			buildPhases = (
				85D2CD4A2EACD61D0090EEE0 /* Sources */,
				85D2CD4B2EACD61D0090EEE0 /* Frameworks */,
				85D2CD4C2EACD61D0090EEE0 /* Resources */,
			);
			buildRules = (
			);
			dependencies = (
			);
			fileSystemSynchronizedGroups = (
				85D2CD502EACD61D0090EEE0 /* PatientManagementSystem */,
			);
			name = PatientManagementSystem;
			packageProductDependencies = (
			);
			productName = PatientManagementSystem;
			productReference = 85D2CD4E2EACD61D0090EEE0 /* PatientManagementSystem.app */;
			productType = "com.apple.product-type.application";
		};
		85D2CD662EACD6290090EEE0 /* PatientManagementSystemTests */ = {
			isa = PBXNativeTarget;
			buildConfigurationList = 85D2CD7F2EACD6290090EEE0 /* Build configuration list for PBXNativeTarget "PatientManagementSystemTests" */;
			buildPhases = (
				85D2CD632EACD6290090EEE0 /* Sources */,
				85D2CD642EACD6290090EEE0 /* Frameworks */,
				85D2CD652EACD6290090EEE0 /* Resources */,
			);
			buildRules = (
			);
			dependencies = (
				85D2CD692EACD6290090EEE0 /* PBXTargetDependency */,
			);
			fileSystemSynchronizedGroups = (
				85D2CD6A2EACD6290090EEE0 /* PatientManagementSystemTests */,
			);
			name = PatientManagementSystemTests;
			packageProductDependencies = (
			);
			productName = PatientManagementSystemTests;
			productReference = 85D2CD672EACD6290090EEE0 /* PatientManagementSystemTests.xctest */;
			productType = "com.apple.product-type.bundle.unit-test";
		};
		85D2CD702EACD6290090EEE0 /* PatientManagementSystemUITests */ = {
			isa = PBXNativeTarget;
			buildConfigurationList = 85D2CD822EACD6290090EEE0 /* Build configuration list for PBXNativeTarget "PatientManagementSystemUITests" */;
			buildPhases = (
				85D2CD6D2EACD6290090EEE0 /* Sources */,
				85D2CD6E2EACD6290090EEE0 /* Frameworks */,
				85D2CD6F2EACD6290090EEE0 /* Resources */,
			);
			buildRules = (
			);
			dependencies = (
				85D2CD732EACD6290090EEE0 /* PBXTargetDependency */,
			);
			fileSystemSynchronizedGroups = (
				85D2CD742EACD6290090EEE0 /* PatientManagementSystemUITests */,
			);
			name = PatientManagementSystemUITests;
			packageProductDependencies = (
			);
			productName = PatientManagementSystemUITests;
			productReference = 85D2CD712EACD6290090EEE0 /* PatientManagementSystemUITests.xctest */;
			productType = "com.apple.product-type.bundle.ui-testing";
		};
/* End PBXNativeTarget section */

/* Begin PBXProject section */
		85D2CD462EACD61D0090EEE0 /* Project object */ = {
			isa = PBXProject;
			attributes = {
				BuildIndependentTargetsInParallel = 1;
				LastSwiftUpdateCheck = 2610;
				LastUpgradeCheck = 2610;
				TargetAttributes = {
					85D2CD4D2EACD61D0090EEE0 = {
						CreatedOnToolsVersion = 26.1;
					};
					85D2CD662EACD6290090EEE0 = {
						CreatedOnToolsVersion = 26.1;
						TestTargetID = 85D2CD4D2EACD61D0090EEE0;
					};
					85D2CD702EACD6290090EEE0 = {
						CreatedOnToolsVersion = 26.1;
						TestTargetID = 85D2CD4D2EACD61D0090EEE0;
					};
				};
			};
			buildConfigurationList = 85D2CD492EACD61D0090EEE0 /* Build configuration list for PBXProject "PatientManagementSystem" */;
			developmentRegion = en;
			hasScannedForEncodings = 0;
			knownRegions = (
				en,
				Base,
			);
			mainGroup = 85D2CD452EACD61D0090EEE0;
			minimizedProjectReferenceProxies = 1;
			preferredProjectObjectVersion = 77;
			productRefGroup = 85D2CD4F2EACD61D0090EEE0 /* Products */;
			projectDirPath = "";
			projectRoot = "";
			targets = (
				85D2CD4D2EACD61D0090EEE0 /* PatientManagementSystem */,
				85D2CD662EACD6290090EEE0 /* PatientManagementSystemTests */,
				85D2CD702EACD6290090EEE0 /* PatientManagementSystemUITests */,
			);
		};
/* End PBXProject section */

/* Begin PBXResourcesBuildPhase section */
		85D2CD4C2EACD61D0090EEE0 /* Resources */ = {
			isa = PBXResourcesBuildPhase;
			buildActionMask = 2147483647;
			files = (
			);
			runOnlyForDeploymentPostprocessing = 0;
		};
		85D2CD652EACD6290090EEE0 /* Resources */ = {
			isa = PBXResourcesBuildPhase;
			buildActionMask = 2147483647;
			files = (
			);
			runOnlyForDeploymentPostprocessing = 0;
		};
		85D2CD6F2EACD6290090EEE0 /* Resources */ = {
			isa = PBXResourcesBuildPhase;
			buildActionMask = 2147483647;
			files = (
			);
			runOnlyForDeploymentPostprocessing = 0;
		};
/* End PBXResourcesBuildPhase section */

/* Begin PBXSourcesBuildPhase section */
		85D2CD4A2EACD61D0090EEE0 /* Sources */ = {
			isa = PBXSourcesBuildPhase;
			buildActionMask = 2147483647;
			files = (
				85D2BBA32EB33B0200D8D3A2 /* PatientModelDataEntity+CoreDataProperties.swift in Sources */,
				85D2BBA42EB33B0200D8D3A2 /* PatientModelDataEntity+CoreDataClass.swift in Sources */,
			);
			runOnlyForDeploymentPostprocessing = 0;
		};
		85D2CD632EACD6290090EEE0 /* Sources */ = {
			isa = PBXSourcesBuildPhase;
			buildActionMask = 2147483647;
			files = (
			);
			runOnlyForDeploymentPostprocessing = 0;
		};
		85D2CD6D2EACD6290090EEE0 /* Sources */ = {
			isa = PBXSourcesBuildPhase;
			buildActionMask = 2147483647;
			files = (
			);
			runOnlyForDeploymentPostprocessing = 0;
		};
/* End PBXSourcesBuildPhase section */

/* Begin PBXTargetDependency section */
		85D2CD692EACD6290090EEE0 /* PBXTargetDependency */ = {
			isa = PBXTargetDependency;
			target = 85D2CD4D2EACD61D0090EEE0 /* PatientManagementSystem */;
			targetProxy = 85D2CD682EACD6290090EEE0 /* PBXContainerItemProxy */;
		};
		85D2CD732EACD6290090EEE0 /* PBXTargetDependency */ = {
			isa = PBXTargetDependency;
			target = 85D2CD4D2EACD61D0090EEE0 /* PatientManagementSystem */;
			targetProxy = 85D2CD722EACD6290090EEE0 /* PBXContainerItemProxy */;
		};
/* End PBXTargetDependency section */

/* Begin XCBuildConfiguration section */
		85D2CD7B2EACD6290090EEE0 /* Debug */ = {
			isa = XCBuildConfiguration;
			buildSettings = {
				ASSETCATALOG_COMPILER_APPICON_NAME = AppIcon;
				ASSETCATALOG_COMPILER_GLOBAL_ACCENT_COLOR_NAME = AccentColor;
				CODE_SIGN_STYLE = Automatic;
				CURRENT_PROJECT_VERSION = 1;
				DEVELOPMENT_TEAM = FJPL33F5RM;
				GENERATE_INFOPLIST_FILE = YES;
				INFOPLIST_FILE = PatientManagementSystem/Info.plist;
				INFOPLIST_KEY_UIApplicationSupportsIndirectInputEvents = YES;
				INFOPLIST_KEY_UILaunchStoryboardName = LaunchScreen;
				INFOPLIST_KEY_UIMainStoryboardFile = Main;
				INFOPLIST_KEY_UISupportedInterfaceOrientations_iPad = "UIInterfaceOrientationPortrait UIInterfaceOrientationPortraitUpsideDown UIInterfaceOrientationLandscapeLeft UIInterfaceOrientationLandscapeRight";
				INFOPLIST_KEY_UISupportedInterfaceOrientations_iPhone = "UIInterfaceOrientationPortrait UIInterfaceOrientationLandscapeLeft UIInterfaceOrientationLandscapeRight";
				IPHONEOS_DEPLOYMENT_TARGET = 17.6;
				LD_RUNPATH_SEARCH_PATHS = (
					"$(inherited)",
					"@executable_path/Frameworks",
				);
				MARKETING_VERSION = 1.0;
				PRODUCT_BUNDLE_IDENTIFIER = assignmentExs.PatientManagementSystem;
				PRODUCT_NAME = "$(TARGET_NAME)";
				STRING_CATALOG_GENERATE_SYMBOLS = YES;
				SUPPORTED_PLATFORMS = "iphoneos iphonesimulator";
				SUPPORTS_MACCATALYST = NO;
				SUPPORTS_MAC_DESIGNED_FOR_IPHONE_IPAD = NO;
				SUPPORTS_XR_DESIGNED_FOR_IPHONE_IPAD = NO;
				SWIFT_APPROACHABLE_CONCURRENCY = YES;
				SWIFT_DEFAULT_ACTOR_ISOLATION = MainActor;
				SWIFT_EMIT_LOC_STRINGS = YES;
				SWIFT_UPCOMING_FEATURE_MEMBER_IMPORT_VISIBILITY = YES;
				SWIFT_VERSION = 5.0;
				TARGETED_DEVICE_FAMILY = 1;
			};
			name = Debug;
		};
		85D2CD7C2EACD6290090EEE0 /* Release */ = {
			isa = XCBuildConfiguration;
			buildSettings = {
				ASSETCATALOG_COMPILER_APPICON_NAME = AppIcon;
				ASSETCATALOG_COMPILER_GLOBAL_ACCENT_COLOR_NAME = AccentColor;
				CODE_SIGN_STYLE = Automatic;
				CURRENT_PROJECT_VERSION = 1;
				DEVELOPMENT_TEAM = FJPL33F5RM;
				GENERATE_INFOPLIST_FILE = YES;
				INFOPLIST_FILE = PatientManagementSystem/Info.plist;
				INFOPLIST_KEY_UIApplicationSupportsIndirectInputEvents = YES;
				INFOPLIST_KEY_UILaunchStoryboardName = LaunchScreen;
				INFOPLIST_KEY_UIMainStoryboardFile = Main;
				INFOPLIST_KEY_UISupportedInterfaceOrientations_iPad = "UIInterfaceOrientationPortrait UIInterfaceOrientationPortraitUpsideDown UIInterfaceOrientationLandscapeLeft UIInterfaceOrientationLandscapeRight";
				INFOPLIST_KEY_UISupportedInterfaceOrientations_iPhone = "UIInterfaceOrientationPortrait UIInterfaceOrientationLandscapeLeft UIInterfaceOrientationLandscapeRight";
				IPHONEOS_DEPLOYMENT_TARGET = 17.6;
				LD_RUNPATH_SEARCH_PATHS = (
					"$(inherited)",
					"@executable_path/Frameworks",
				);
				MARKETING_VERSION = 1.0;
				PRODUCT_BUNDLE_IDENTIFIER = assignmentExs.PatientManagementSystem;
				PRODUCT_NAME = "$(TARGET_NAME)";
				STRING_CATALOG_GENERATE_SYMBOLS = YES;
				SUPPORTED_PLATFORMS = "iphoneos iphonesimulator";
				SUPPORTS_MACCATALYST = NO;
				SUPPORTS_MAC_DESIGNED_FOR_IPHONE_IPAD = NO;
				SUPPORTS_XR_DESIGNED_FOR_IPHONE_IPAD = NO;
				SWIFT_APPROACHABLE_CONCURRENCY = YES;
				SWIFT_DEFAULT_ACTOR_ISOLATION = MainActor;
				SWIFT_EMIT_LOC_STRINGS = YES;
				SWIFT_UPCOMING_FEATURE_MEMBER_IMPORT_VISIBILITY = YES;
				SWIFT_VERSION = 5.0;
				TARGETED_DEVICE_FAMILY = 1;
			};
			name = Release;
		};
		85D2CD7D2EACD6290090EEE0 /* Debug */ = {
			isa = XCBuildConfiguration;
			buildSettings = {
				ALWAYS_SEARCH_USER_PATHS = NO;
				ASSETCATALOG_COMPILER_GENERATE_SWIFT_ASSET_SYMBOL_EXTENSIONS = YES;
				CLANG_ANALYZER_NONNULL = YES;
				CLANG_ANALYZER_NUMBER_OBJECT_CONVERSION = YES_AGGRESSIVE;
				CLANG_CXX_LANGUAGE_STANDARD = "gnu++20";
				CLANG_ENABLE_MODULES = YES;
				CLANG_ENABLE_OBJC_ARC = YES;
				CLANG_ENABLE_OBJC_WEAK = YES;
				CLANG_WARN_BLOCK_CAPTURE_AUTORELEASING = YES;
				CLANG_WARN_BOOL_CONVERSION = YES;
				CLANG_WARN_COMMA = YES;
				CLANG_WARN_CONSTANT_CONVERSION = YES;
				CLANG_WARN_DEPRECATED_OBJC_IMPLEMENTATIONS = YES;
				CLANG_WARN_DIRECT_OBJC_ISA_USAGE = YES_ERROR;
				CLANG_WARN_DOCUMENTATION_COMMENTS = YES;
				CLANG_WARN_EMPTY_BODY = YES;
				CLANG_WARN_ENUM_CONVERSION = YES;
				CLANG_WARN_INFINITE_RECURSION = YES;
				CLANG_WARN_INT_CONVERSION = YES;
				CLANG_WARN_NON_LITERAL_NULL_CONVERSION = YES;
				CLANG_WARN_OBJC_IMPLICIT_RETAIN_SELF = YES;
				CLANG_WARN_OBJC_LITERAL_CONVERSION = YES;
				CLANG_WARN_OBJC_ROOT_CLASS = YES_ERROR;
				CLANG_WARN_QUOTED_INCLUDE_IN_FRAMEWORK_HEADER = YES;
				CLANG_WARN_RANGE_LOOP_ANALYSIS = YES;
				CLANG_WARN_STRICT_PROTOTYPES = YES;
				CLANG_WARN_SUSPICIOUS_MOVE = YES;
				CLANG_WARN_UNGUARDED_AVAILABILITY = YES_AGGRESSIVE;
				CLANG_WARN_UNREACHABLE_CODE = YES;
				CLANG_WARN__DUPLICATE_METHOD_MATCH = YES;
				COPY_PHASE_STRIP = NO;
				DEBUG_INFORMATION_FORMAT = dwarf;
				DEVELOPMENT_TEAM = FJPL33F5RM;
				ENABLE_STRICT_OBJC_MSGSEND = YES;
				ENABLE_TESTABILITY = YES;
				ENABLE_USER_SCRIPT_SANDBOXING = YES;
				GCC_C_LANGUAGE_STANDARD = gnu17;
				GCC_DYNAMIC_NO_PIC = NO;
				GCC_NO_COMMON_BLOCKS = YES;
				GCC_OPTIMIZATION_LEVEL = 0;
				GCC_PREPROCESSOR_DEFINITIONS = (
					"DEBUG=1",
					"$(inherited)",
				);
				GCC_WARN_64_TO_32_BIT_CONVERSION = YES;
				GCC_WARN_ABOUT_RETURN_TYPE = YES_ERROR;
				GCC_WARN_UNDECLARED_SELECTOR = YES;
				GCC_WARN_UNINITIALIZED_AUTOS = YES_AGGRESSIVE;
				GCC_WARN_UNUSED_FUNCTION = YES;
				GCC_WARN_UNUSED_VARIABLE = YES;
				IPHONEOS_DEPLOYMENT_TARGET = 26.1;
				LOCALIZATION_PREFERS_STRING_CATALOGS = YES;
				MTL_ENABLE_DEBUG_INFO = INCLUDE_SOURCE;
				MTL_FAST_MATH = YES;
				ONLY_ACTIVE_ARCH = YES;
				SDKROOT = iphoneos;
				SWIFT_ACTIVE_COMPILATION_CONDITIONS = "DEBUG $(inherited)";
				SWIFT_OPTIMIZATION_LEVEL = "-Onone";
			};
			name = Debug;
		};
		85D2CD7E2EACD6290090EEE0 /* Release */ = {
			isa = XCBuildConfiguration;
			buildSettings = {
				ALWAYS_SEARCH_USER_PATHS = NO;
				ASSETCATALOG_COMPILER_GENERATE_SWIFT_ASSET_SYMBOL_EXTENSIONS = YES;
				CLANG_ANALYZER_NONNULL = YES;
				CLANG_ANALYZER_NUMBER_OBJECT_CONVERSION = YES_AGGRESSIVE;
				CLANG_CXX_LANGUAGE_STANDARD = "gnu++20";
				CLANG_ENABLE_MODULES = YES;
				CLANG_ENABLE_OBJC_ARC = YES;
				CLANG_ENABLE_OBJC_WEAK = YES;
				CLANG_WARN_BLOCK_CAPTURE_AUTORELEASING = YES;
				CLANG_WARN_BOOL_CONVERSION = YES;
				CLANG_WARN_COMMA = YES;
				CLANG_WARN_CONSTANT_CONVERSION = YES;
				CLANG_WARN_DEPRECATED_OBJC_IMPLEMENTATIONS = YES;
				CLANG_WARN_DIRECT_OBJC_ISA_USAGE = YES_ERROR;
				CLANG_WARN_DOCUMENTATION_COMMENTS = YES;
				CLANG_WARN_EMPTY_BODY = YES;
				CLANG_WARN_ENUM_CONVERSION = YES;
				CLANG_WARN_INFINITE_RECURSION = YES;
				CLANG_WARN_INT_CONVERSION = YES;
				CLANG_WARN_NON_LITERAL_NULL_CONVERSION = YES;
				CLANG_WARN_OBJC_IMPLICIT_RETAIN_SELF = YES;
				CLANG_WARN_OBJC_LITERAL_CONVERSION = YES;
				CLANG_WARN_OBJC_ROOT_CLASS = YES_ERROR;
				CLANG_WARN_QUOTED_INCLUDE_IN_FRAMEWORK_HEADER = YES;
				CLANG_WARN_RANGE_LOOP_ANALYSIS = YES;
				CLANG_WARN_STRICT_PROTOTYPES = YES;
				CLANG_WARN_SUSPICIOUS_MOVE = YES;
				CLANG_WARN_UNGUARDED_AVAILABILITY = YES_AGGRESSIVE;
				CLANG_WARN_UNREACHABLE_CODE = YES;
				CLANG_WARN__DUPLICATE_METHOD_MATCH = YES;
				COPY_PHASE_STRIP = NO;
				DEBUG_INFORMATION_FORMAT = "dwarf-with-dsym";
				DEVELOPMENT_TEAM = FJPL33F5RM;
				ENABLE_NS_ASSERTIONS = NO;
				ENABLE_STRICT_OBJC_MSGSEND = YES;
				ENABLE_USER_SCRIPT_SANDBOXING = YES;
				GCC_C_LANGUAGE_STANDARD = gnu17;
				GCC_NO_COMMON_BLOCKS = YES;
				GCC_WARN_64_TO_32_BIT_CONVERSION = YES;
				GCC_WARN_ABOUT_RETURN_TYPE = YES_ERROR;
				GCC_WARN_UNDECLARED_SELECTOR = YES;
				GCC_WARN_UNINITIALIZED_AUTOS = YES_AGGRESSIVE;
				GCC_WARN_UNUSED_FUNCTION = YES;
				GCC_WARN_UNUSED_VARIABLE = YES;
				IPHONEOS_DEPLOYMENT_TARGET = 26.1;
				LOCALIZATION_PREFERS_STRING_CATALOGS = YES;
				MTL_ENABLE_DEBUG_INFO = NO;
				MTL_FAST_MATH = YES;
				SDKROOT = iphoneos;
				SWIFT_COMPILATION_MODE = wholemodule;
				VALIDATE_PRODUCT = YES;
			};
			name = Release;
		};
		85D2CD802EACD6290090EEE0 /* Debug */ = {
			isa = XCBuildConfiguration;
			buildSettings = {
				BUNDLE_LOADER = "$(TEST_HOST)";
				CODE_SIGN_STYLE = Automatic;
				CURRENT_PROJECT_VERSION = 1;
				DEVELOPMENT_TEAM = FJPL33F5RM;
				GENERATE_INFOPLIST_FILE = YES;
				IPHONEOS_DEPLOYMENT_TARGET = 26.1;
				MARKETING_VERSION = 1.0;
				PRODUCT_BUNDLE_IDENTIFIER = assignmentExs.PatientManagementSystemTests;
				PRODUCT_NAME = "$(TARGET_NAME)";
				STRING_CATALOG_GENERATE_SYMBOLS = NO;
				SWIFT_APPROACHABLE_CONCURRENCY = YES;
				SWIFT_EMIT_LOC_STRINGS = NO;
				SWIFT_UPCOMING_FEATURE_MEMBER_IMPORT_VISIBILITY = YES;
				SWIFT_VERSION = 5.0;
				TARGETED_DEVICE_FAMILY = "1,2";
				TEST_HOST = "$(BUILT_PRODUCTS_DIR)/PatientManagementSystem.app/$(BUNDLE_EXECUTABLE_FOLDER_PATH)/PatientManagementSystem";
			};
			name = Debug;
		};
		85D2CD812EACD6290090EEE0 /* Release */ = {
			isa = XCBuildConfiguration;
			buildSettings = {
				BUNDLE_LOADER = "$(TEST_HOST)";
				CODE_SIGN_STYLE = Automatic;
				CURRENT_PROJECT_VERSION = 1;
				DEVELOPMENT_TEAM = FJPL33F5RM;
				GENERATE_INFOPLIST_FILE = YES;
				IPHONEOS_DEPLOYMENT_TARGET = 26.1;
				MARKETING_VERSION = 1.0;
				PRODUCT_BUNDLE_IDENTIFIER = assignmentExs.PatientManagementSystemTests;
				PRODUCT_NAME = "$(TARGET_NAME)";
				STRING_CATALOG_GENERATE_SYMBOLS = NO;
				SWIFT_APPROACHABLE_CONCURRENCY = YES;
				SWIFT_EMIT_LOC_STRINGS = NO;
				SWIFT_UPCOMING_FEATURE_MEMBER_IMPORT_VISIBILITY = YES;
				SWIFT_VERSION = 5.0;
				TARGETED_DEVICE_FAMILY = "1,2";
				TEST_HOST = "$(BUILT_PRODUCTS_DIR)/PatientManagementSystem.app/$(BUNDLE_EXECUTABLE_FOLDER_PATH)/PatientManagementSystem";
			};
			name = Release;
		};
		85D2CD832EACD6290090EEE0 /* Debug */ = {
			isa = XCBuildConfiguration;
			buildSettings = {
				CODE_SIGN_STYLE = Automatic;
				CURRENT_PROJECT_VERSION = 1;
				DEVELOPMENT_TEAM = FJPL33F5RM;
				GENERATE_INFOPLIST_FILE = YES;
				MARKETING_VERSION = 1.0;
				PRODUCT_BUNDLE_IDENTIFIER = assignmentExs.PatientManagementSystemUITests;
				PRODUCT_NAME = "$(TARGET_NAME)";
				STRING_CATALOG_GENERATE_SYMBOLS = NO;
				SWIFT_APPROACHABLE_CONCURRENCY = YES;
				SWIFT_EMIT_LOC_STRINGS = NO;
				SWIFT_UPCOMING_FEATURE_MEMBER_IMPORT_VISIBILITY = YES;
				SWIFT_VERSION = 5.0;
				TARGETED_DEVICE_FAMILY = "1,2";
				TEST_TARGET_NAME = PatientManagementSystem;
			};
			name = Debug;
		};
		85D2CD842EACD6290090EEE0 /* Release */ = {
			isa = XCBuildConfiguration;
			buildSettings = {
				CODE_SIGN_STYLE = Automatic;
				CURRENT_PROJECT_VERSION = 1;
				DEVELOPMENT_TEAM = FJPL33F5RM;
				GENERATE_INFOPLIST_FILE = YES;
				MARKETING_VERSION = 1.0;
				PRODUCT_BUNDLE_IDENTIFIER = assignmentExs.PatientManagementSystemUITests;
				PRODUCT_NAME = "$(TARGET_NAME)";
				STRING_CATALOG_GENERATE_SYMBOLS = NO;
				SWIFT_APPROACHABLE_CONCURRENCY = YES;
				SWIFT_EMIT_LOC_STRINGS = NO;
				SWIFT_UPCOMING_FEATURE_MEMBER_IMPORT_VISIBILITY = YES;
				SWIFT_VERSION = 5.0;
				TARGETED_DEVICE_FAMILY = "1,2";
				TEST_TARGET_NAME = PatientManagementSystem;
			};
			name = Release;
		};
/* End XCBuildConfiguration section */

/* Begin XCConfigurationList section */
		85D2CD492EACD61D0090EEE0 /* Build configuration list for PBXProject "PatientManagementSystem" */ = {
			isa = XCConfigurationList;
			buildConfigurations = (
				85D2CD7D2EACD6290090EEE0 /* Debug */,
				85D2CD7E2EACD6290090EEE0 /* Release */,
			);
			defaultConfigurationIsVisible = 0;
			defaultConfigurationName = Release;
		};
		85D2CD7A2EACD6290090EEE0 /* Build configuration list for PBXNativeTarget "PatientManagementSystem" */ = {
			isa = XCConfigurationList;
			buildConfigurations = (
				85D2CD7B2EACD6290090EEE0 /* Debug */,
				85D2CD7C2EACD6290090EEE0 /* Release */,
			);
			defaultConfigurationIsVisible = 0;
			defaultConfigurationName = Release;
		};
		85D2CD7F2EACD6290090EEE0 /* Build configuration list for PBXNativeTarget "PatientManagementSystemTests" */ = {
			isa = XCConfigurationList;
			buildConfigurations = (
				85D2CD802EACD6290090EEE0 /* Debug */,
				85D2CD812EACD6290090EEE0 /* Release */,
			);
			defaultConfigurationIsVisible = 0;
			defaultConfigurationName = Release;
		};
		85D2CD822EACD6290090EEE0 /* Build configuration list for PBXNativeTarget "PatientManagementSystemUITests" */ = {
			isa = XCConfigurationList;
			buildConfigurations = (
				85D2CD832EACD6290090EEE0 /* Debug */,
				85D2CD842EACD6290090EEE0 /* Release */,
			);
			defaultConfigurationIsVisible = 0;
			defaultConfigurationName = Release;
		};
/* End XCConfigurationList section */
	};
	rootObject = 85D2CD462EACD61D0090EEE0 /* Project object */;
}
